// !$*UTF8*$!
{
	archiveVersion = 1;
	classes = {
	};
	objectVersion = 46;
	objects = {

/* Begin PBXBuildFile section */
		3A607ECC1C87E408007FECC7 /* GCAsyncSocket.cpp in Sources */ = {isa = PBXBuildFile; fileRef = 3A607ECA1C87E408007FECC7 /* GCAsyncSocket.cpp */; };
		3A607ECD1C87E408007FECC7 /* GCAsyncSocket.hpp in Headers */ = {isa = PBXBuildFile; fileRef = 3A607ECB1C87E408007FECC7 /* GCAsyncSocket.hpp */; };
		3A607ED01C8807CB007FECC7 /* GCEvent.cpp in Sources */ = {isa = PBXBuildFile; fileRef = 3A607ECE1C8807CB007FECC7 /* GCEvent.cpp */; };
		3A607ED11C8807CB007FECC7 /* GCEvent.hpp in Headers */ = {isa = PBXBuildFile; fileRef = 3A607ECF1C8807CB007FECC7 /* GCEvent.hpp */; };
		3AB1DD721C7ECB510016F659 /* CFNetwork.framework in Frameworks */ = {isa = PBXBuildFile; fileRef = 3AB1DD711C7ECB510016F659 /* CFNetwork.framework */; };
		3AEB8D111C7EC17C0042944E /* GCHTTPServer.h in Headers */ = {isa = PBXBuildFile; fileRef = 3AEB8D101C7EC17C0042944E /* GCHTTPServer.h */; settings = {ATTRIBUTES = (Public, ); }; };
		3AEB8D541C7EC32B0042944E /* GCHTTPSocket.h in Headers */ = {isa = PBXBuildFile; fileRef = 3AEB8D521C7EC32B0042944E /* GCHTTPSocket.h */; settings = {ATTRIBUTES = (Public, ); }; };
		3AEB8D551C7EC32B0042944E /* GCHTTPSocket.mm in Sources */ = {isa = PBXBuildFile; fileRef = 3AEB8D531C7EC32B0042944E /* GCHTTPSocket.mm */; };
		A9D493B71DCB6EC9007EE79C /* COAsyncSocket.h in Headers */ = {isa = PBXBuildFile; fileRef = A9D493B51DCB6EC9007EE79C /* COAsyncSocket.h */; settings = {ATTRIBUTES = (Public, ); }; };
		A9D493EA1DCB7203007EE79C /* GCHTTPSocket.h in Headers */ = {isa = PBXBuildFile; fileRef = 3AEB8D521C7EC32B0042944E /* GCHTTPSocket.h */; settings = {ATTRIBUTES = (Public, ); }; };
		A9D493F01DCB735A007EE79C /* GCAsyncSocket.cpp in Headers */ = {isa = PBXBuildFile; fileRef = 3A607ECA1C87E408007FECC7 /* GCAsyncSocket.cpp */; };
		A9D493F11DCB7362007EE79C /* GCEvent.cpp in Headers */ = {isa = PBXBuildFile; fileRef = 3A607ECE1C8807CB007FECC7 /* GCEvent.cpp */; };
		A9D493F21DCB7418007EE79C /* GCHTTPSocket.mm in Sources */ = {isa = PBXBuildFile; fileRef = 3AEB8D531C7EC32B0042944E /* GCHTTPSocket.mm */; };
		A9D493F31DCB741B007EE79C /* GCAsyncSocket.cpp in Sources */ = {isa = PBXBuildFile; fileRef = 3A607ECA1C87E408007FECC7 /* GCAsyncSocket.cpp */; };
		A9D493F41DCB741D007EE79C /* GCEvent.cpp in Sources */ = {isa = PBXBuildFile; fileRef = 3A607ECE1C8807CB007FECC7 /* GCEvent.cpp */; };
		D2EC4AC31DCC88BD00552AC8 /* COWebResource.bundle in Resources */ = {isa = PBXBuildFile; fileRef = D2EC4AC21DCC88BD00552AC8 /* COWebResource.bundle */; };
		D2EC4AC41DCC8C9700552AC8 /* COWebResource.bundle in Resources */ = {isa = PBXBuildFile; fileRef = D2EC4AC21DCC88BD00552AC8 /* COWebResource.bundle */; };
/* End PBXBuildFile section */

/* Begin PBXFileReference section */
		3A607ECA1C87E408007FECC7 /* GCAsyncSocket.cpp */ = {isa = PBXFileReference; fileEncoding = 4; lastKnownFileType = sourcecode.cpp.cpp; path = GCAsyncSocket.cpp; sourceTree = "<group>"; };
		3A607ECB1C87E408007FECC7 /* GCAsyncSocket.hpp */ = {isa = PBXFileReference; fileEncoding = 4; lastKnownFileType = sourcecode.cpp.h; path = GCAsyncSocket.hpp; sourceTree = "<group>"; };
		3A607ECE1C8807CB007FECC7 /* GCEvent.cpp */ = {isa = PBXFileReference; fileEncoding = 4; lastKnownFileType = sourcecode.cpp.cpp; path = GCEvent.cpp; sourceTree = "<group>"; };
		3A607ECF1C8807CB007FECC7 /* GCEvent.hpp */ = {isa = PBXFileReference; fileEncoding = 4; lastKnownFileType = sourcecode.cpp.h; path = GCEvent.hpp; sourceTree = "<group>"; };
		3AB1DD711C7ECB510016F659 /* CFNetwork.framework */ = {isa = PBXFileReference; lastKnownFileType = wrapper.framework; name = CFNetwork.framework; path = System/Library/Frameworks/CFNetwork.framework; sourceTree = SDKROOT; };
		3AEB8D0D1C7EC17C0042944E /* GCHTTPServer.framework */ = {isa = PBXFileReference; explicitFileType = wrapper.framework; includeInIndex = 0; path = GCHTTPServer.framework; sourceTree = BUILT_PRODUCTS_DIR; };
		3AEB8D101C7EC17C0042944E /* GCHTTPServer.h */ = {isa = PBXFileReference; lastKnownFileType = sourcecode.c.h; path = GCHTTPServer.h; sourceTree = "<group>"; };
		3AEB8D121C7EC17C0042944E /* Info.plist */ = {isa = PBXFileReference; lastKnownFileType = text.plist.xml; path = Info.plist; sourceTree = "<group>"; };
		3AEB8D521C7EC32B0042944E /* GCHTTPSocket.h */ = {isa = PBXFileReference; fileEncoding = 4; lastKnownFileType = sourcecode.c.h; path = GCHTTPSocket.h; sourceTree = "<group>"; };
		3AEB8D531C7EC32B0042944E /* GCHTTPSocket.mm */ = {isa = PBXFileReference; fileEncoding = 4; lastKnownFileType = sourcecode.cpp.objcpp; path = GCHTTPSocket.mm; sourceTree = "<group>"; };
		A9D493B31DCB6EC9007EE79C /* COAsyncSocket.framework */ = {isa = PBXFileReference; explicitFileType = wrapper.framework; includeInIndex = 0; path = COAsyncSocket.framework; sourceTree = BUILT_PRODUCTS_DIR; };
		A9D493B51DCB6EC9007EE79C /* COAsyncSocket.h */ = {isa = PBXFileReference; lastKnownFileType = sourcecode.c.h; path = COAsyncSocket.h; sourceTree = "<group>"; };
		A9D493B61DCB6EC9007EE79C /* Info.plist */ = {isa = PBXFileReference; lastKnownFileType = text.plist.xml; path = Info.plist; sourceTree = "<group>"; };
		D2EC4AC21DCC88BD00552AC8 /* COWebResource.bundle */ = {isa = PBXFileReference; lastKnownFileType = "wrapper.plug-in"; path = COWebResource.bundle; sourceTree = "<group>"; };
/* End PBXFileReference section */

/* Begin PBXFrameworksBuildPhase section */
		3AEB8D091C7EC17C0042944E /* Frameworks */ = {
			isa = PBXFrameworksBuildPhase;
			buildActionMask = 2147483647;
			files = (
				3AB1DD721C7ECB510016F659 /* CFNetwork.framework in Frameworks */,
			);
			runOnlyForDeploymentPostprocessing = 0;
		};
		A9D493AF1DCB6EC9007EE79C /* Frameworks */ = {
			isa = PBXFrameworksBuildPhase;
			buildActionMask = 2147483647;
			files = (
			);
			runOnlyForDeploymentPostprocessing = 0;
		};
/* End PBXFrameworksBuildPhase section */

/* Begin PBXGroup section */
		3AB1DD731C7F00990016F659 /* Frameworks */ = {
			isa = PBXGroup;
			children = (
				3AB1DD711C7ECB510016F659 /* CFNetwork.framework */,
			);
			name = Frameworks;
			sourceTree = "<group>";
		};
		3AEB8D031C7EC17C0042944E = {
			isa = PBXGroup;
			children = (
				3AEB8D0F1C7EC17C0042944E /* GCHTTPServer */,
				A9D493B41DCB6EC9007EE79C /* COAsyncSocket */,
				3AB1DD731C7F00990016F659 /* Frameworks */,
				3AEB8D0E1C7EC17C0042944E /* Products */,
			);
			sourceTree = "<group>";
		};
		3AEB8D0E1C7EC17C0042944E /* Products */ = {
			isa = PBXGroup;
			children = (
				3AEB8D0D1C7EC17C0042944E /* GCHTTPServer.framework */,
				A9D493B31DCB6EC9007EE79C /* COAsyncSocket.framework */,
			);
			name = Products;
			sourceTree = "<group>";
		};
		3AEB8D0F1C7EC17C0042944E /* GCHTTPServer */ = {
			isa = PBXGroup;
			children = (
				D2EC4AC21DCC88BD00552AC8 /* COWebResource.bundle */,
				3AEB8D101C7EC17C0042944E /* GCHTTPServer.h */,
				3AEB8D521C7EC32B0042944E /* GCHTTPSocket.h */,
				3AEB8D531C7EC32B0042944E /* GCHTTPSocket.mm */,
				3AEB8D121C7EC17C0042944E /* Info.plist */,
				3A607ECB1C87E408007FECC7 /* GCAsyncSocket.hpp */,
				3A607ECA1C87E408007FECC7 /* GCAsyncSocket.cpp */,
				3A607ECF1C8807CB007FECC7 /* GCEvent.hpp */,
				3A607ECE1C8807CB007FECC7 /* GCEvent.cpp */,
			);
			path = GCHTTPServer;
			sourceTree = "<group>";
		};
		A9D493B41DCB6EC9007EE79C /* COAsyncSocket */ = {
			isa = PBXGroup;
			children = (
				A9D493B51DCB6EC9007EE79C /* COAsyncSocket.h */,
				A9D493B61DCB6EC9007EE79C /* Info.plist */,
			);
			path = COAsyncSocket;
			sourceTree = "<group>";
		};
/* End PBXGroup section */

/* Begin PBXHeadersBuildPhase section */
		3AEB8D0A1C7EC17C0042944E /* Headers */ = {
			isa = PBXHeadersBuildPhase;
			buildActionMask = 2147483647;
			files = (
				3AEB8D111C7EC17C0042944E /* GCHTTPServer.h in Headers */,
				3A607ED11C8807CB007FECC7 /* GCEvent.hpp in Headers */,
				3A607ECD1C87E408007FECC7 /* GCAsyncSocket.hpp in Headers */,
				3AEB8D541C7EC32B0042944E /* GCHTTPSocket.h in Headers */,
			);
			runOnlyForDeploymentPostprocessing = 0;
		};
		A9D493B01DCB6EC9007EE79C /* Headers */ = {
			isa = PBXHeadersBuildPhase;
			buildActionMask = 2147483647;
			files = (
				A9D493B71DCB6EC9007EE79C /* COAsyncSocket.h in Headers */,
				A9D493EA1DCB7203007EE79C /* GCHTTPSocket.h in Headers */,
				A9D493F01DCB735A007EE79C /* GCAsyncSocket.cpp in Headers */,
				A9D493F11DCB7362007EE79C /* GCEvent.cpp in Headers */,
			);
			runOnlyForDeploymentPostprocessing = 0;
		};
/* End PBXHeadersBuildPhase section */

/* Begin PBXNativeTarget section */
		3AEB8D0C1C7EC17C0042944E /* GCHTTPServer */ = {
			isa = PBXNativeTarget;
			buildConfigurationList = 3AEB8D151C7EC17C0042944E /* Build configuration list for PBXNativeTarget "GCHTTPServer" */;
			buildPhases = (
				3AEB8D081C7EC17C0042944E /* Sources */,
				3AEB8D091C7EC17C0042944E /* Frameworks */,
				3AEB8D0A1C7EC17C0042944E /* Headers */,
				3AEB8D0B1C7EC17C0042944E /* Resources */,
				3AB1DD761C7FF1E20016F659 /* ShellScript */,
			);
			buildRules = (
			);
			dependencies = (
			);
			name = GCHTTPServer;
			productName = GCHTTPServer;
			productReference = 3AEB8D0D1C7EC17C0042944E /* GCHTTPServer.framework */;
			productType = "com.apple.product-type.framework";
		};
		A9D493B21DCB6EC9007EE79C /* COAsyncSocket */ = {
			isa = PBXNativeTarget;
			buildConfigurationList = A9D493BA1DCB6EC9007EE79C /* Build configuration list for PBXNativeTarget "COAsyncSocket" */;
			buildPhases = (
				A9D493AE1DCB6EC9007EE79C /* Sources */,
				A9D493AF1DCB6EC9007EE79C /* Frameworks */,
				A9D493B01DCB6EC9007EE79C /* Headers */,
				A9D493B11DCB6EC9007EE79C /* Resources */,
			);
			buildRules = (
			);
			dependencies = (
			);
			name = COAsyncSocket;
			productName = COAsyncSocket;
			productReference = A9D493B31DCB6EC9007EE79C /* COAsyncSocket.framework */;
			productType = "com.apple.product-type.framework";
		};
/* End PBXNativeTarget section */

/* Begin PBXProject section */
		3AEB8D041C7EC17C0042944E /* Project object */ = {
			isa = PBXProject;
			attributes = {
				LastUpgradeCheck = 0720;
				ORGANIZATIONNAME = GC;
				TargetAttributes = {
					3AEB8D0C1C7EC17C0042944E = {
						CreatedOnToolsVersion = 7.2;
					};
					A9D493B21DCB6EC9007EE79C = {
						CreatedOnToolsVersion = 8.0;
						ProvisioningStyle = Automatic;
					};
				};
			};
			buildConfigurationList = 3AEB8D071C7EC17C0042944E /* Build configuration list for PBXProject "GCHTTPServer" */;
			compatibilityVersion = "Xcode 3.2";
			developmentRegion = English;
			hasScannedForEncodings = 0;
			knownRegions = (
				en,
			);
			mainGroup = 3AEB8D031C7EC17C0042944E;
			productRefGroup = 3AEB8D0E1C7EC17C0042944E /* Products */;
			projectDirPath = "";
			projectRoot = "";
			targets = (
				3AEB8D0C1C7EC17C0042944E /* GCHTTPServer */,
				A9D493B21DCB6EC9007EE79C /* COAsyncSocket */,
			);
		};
/* End PBXProject section */

/* Begin PBXResourcesBuildPhase section */
		3AEB8D0B1C7EC17C0042944E /* Resources */ = {
			isa = PBXResourcesBuildPhase;
			buildActionMask = 2147483647;
			files = (
				D2EC4AC31DCC88BD00552AC8 /* COWebResource.bundle in Resources */,
			);
			runOnlyForDeploymentPostprocessing = 0;
		};
		A9D493B11DCB6EC9007EE79C /* Resources */ = {
			isa = PBXResourcesBuildPhase;
			buildActionMask = 2147483647;
			files = (
				D2EC4AC41DCC8C9700552AC8 /* COWebResource.bundle in Resources */,
			);
			runOnlyForDeploymentPostprocessing = 0;
		};
/* End PBXResourcesBuildPhase section */

/* Begin PBXShellScriptBuildPhase section */
		3AB1DD761C7FF1E20016F659 /* ShellScript */ = {
			isa = PBXShellScriptBuildPhase;
			buildActionMask = 2147483647;
			files = (
			);
			inputPaths = (
			);
			outputPaths = (
			);
			runOnlyForDeploymentPostprocessing = 0;
			shellPath = /bin/sh;
			shellScript = "#Build版本号自动增长，自动更新编译时间\nbuildNumber=$(/usr/libexec/PlistBuddy -c \"Print CFBundleVersion\" \"$INFOPLIST_FILE\")\nbuildNumber=$(($buildNumber + 1))\n#buildtime=$(date +%Y%m%d%H%M)\n/usr/libexec/PlistBuddy -c \"Set :CFBundleVersion $buildNumber\" \"$INFOPLIST_FILE\"\n#/usr/libexec/PlistBuddy -c \"Set :AppBuildDate $buildtime\" \"$INFOPLIST_FILE\"";
		};
/* End PBXShellScriptBuildPhase section */

/* Begin PBXSourcesBuildPhase section */
		3AEB8D081C7EC17C0042944E /* Sources */ = {
			isa = PBXSourcesBuildPhase;
			buildActionMask = 2147483647;
			files = (
				3AEB8D551C7EC32B0042944E /* GCHTTPSocket.mm in Sources */,
				3A607ECC1C87E408007FECC7 /* GCAsyncSocket.cpp in Sources */,
				3A607ED01C8807CB007FECC7 /* GCEvent.cpp in Sources */,
			);
			runOnlyForDeploymentPostprocessing = 0;
		};
		A9D493AE1DCB6EC9007EE79C /* Sources */ = {
			isa = PBXSourcesBuildPhase;
			buildActionMask = 2147483647;
			files = (
				A9D493F21DCB7418007EE79C /* GCHTTPSocket.mm in Sources */,
				A9D493F31DCB741B007EE79C /* GCAsyncSocket.cpp in Sources */,
				A9D493F41DCB741D007EE79C /* GCEvent.cpp in Sources */,
			);
			runOnlyForDeploymentPostprocessing = 0;
		};
/* End PBXSourcesBuildPhase section */

/* Begin XCBuildConfiguration section */
		3AEB8D131C7EC17C0042944E /* Debug */ = {
			isa = XCBuildConfiguration;
			buildSettings = {
				ALWAYS_SEARCH_USER_PATHS = NO;
				CLANG_CXX_LANGUAGE_STANDARD = "gnu++0x";
				CLANG_CXX_LIBRARY = "libc++";
				CLANG_ENABLE_MODULES = YES;
				CLANG_ENABLE_OBJC_ARC = YES;
				CLANG_WARN_BOOL_CONVERSION = YES;
				CLANG_WARN_CONSTANT_CONVERSION = YES;
				CLANG_WARN_DIRECT_OBJC_ISA_USAGE = YES_ERROR;
				CLANG_WARN_EMPTY_BODY = YES;
				CLANG_WARN_ENUM_CONVERSION = YES;
				CLANG_WARN_INT_CONVERSION = YES;
				CLANG_WARN_OBJC_ROOT_CLASS = YES_ERROR;
				CLANG_WARN_UNREACHABLE_CODE = YES;
				CLANG_WARN__DUPLICATE_METHOD_MATCH = YES;
				"CODE_SIGN_IDENTITY[sdk=iphoneos*]" = "iPhone Developer";
				COPY_PHASE_STRIP = NO;
				CURRENT_PROJECT_VERSION = 1;
				DEBUG_INFORMATION_FORMAT = dwarf;
				ENABLE_STRICT_OBJC_MSGSEND = YES;
				ENABLE_TESTABILITY = YES;
				GCC_C_LANGUAGE_STANDARD = gnu99;
				GCC_DYNAMIC_NO_PIC = NO;
				GCC_NO_COMMON_BLOCKS = YES;
				GCC_OPTIMIZATION_LEVEL = 0;
				GCC_PREPROCESSOR_DEFINITIONS = (
					"DEBUG=1",
					"$(inherited)",
				);
				GCC_WARN_64_TO_32_BIT_CONVERSION = YES;
				GCC_WARN_ABOUT_RETURN_TYPE = YES_ERROR;
				GCC_WARN_UNDECLARED_SELECTOR = YES;
				GCC_WARN_UNINITIALIZED_AUTOS = YES_AGGRESSIVE;
				GCC_WARN_UNUSED_FUNCTION = YES;
				GCC_WARN_UNUSED_VARIABLE = YES;
				IPHONEOS_DEPLOYMENT_TARGET = 7.0;
				MTL_ENABLE_DEBUG_INFO = YES;
				ONLY_ACTIVE_ARCH = YES;
				SDKROOT = iphoneos;
				TARGETED_DEVICE_FAMILY = "1,2";
				VERSIONING_SYSTEM = "apple-generic";
				VERSION_INFO_PREFIX = "";
			};
			name = Debug;
		};
		3AEB8D141C7EC17C0042944E /* Release */ = {
			isa = XCBuildConfiguration;
			buildSettings = {
				ALWAYS_SEARCH_USER_PATHS = NO;
				CLANG_CXX_LANGUAGE_STANDARD = "gnu++0x";
				CLANG_CXX_LIBRARY = "libc++";
				CLANG_ENABLE_MODULES = YES;
				CLANG_ENABLE_OBJC_ARC = YES;
				CLANG_WARN_BOOL_CONVERSION = YES;
				CLANG_WARN_CONSTANT_CONVERSION = YES;
				CLANG_WARN_DIRECT_OBJC_ISA_USAGE = YES_ERROR;
				CLANG_WARN_EMPTY_BODY = YES;
				CLANG_WARN_ENUM_CONVERSION = YES;
				CLANG_WARN_INT_CONVERSION = YES;
				CLANG_WARN_OBJC_ROOT_CLASS = YES_ERROR;
				CLANG_WARN_UNREACHABLE_CODE = YES;
				CLANG_WARN__DUPLICATE_METHOD_MATCH = YES;
				"CODE_SIGN_IDENTITY[sdk=iphoneos*]" = "iPhone Developer";
				COPY_PHASE_STRIP = NO;
				CURRENT_PROJECT_VERSION = 1;
				DEBUG_INFORMATION_FORMAT = "dwarf-with-dsym";
				ENABLE_NS_ASSERTIONS = NO;
				ENABLE_STRICT_OBJC_MSGSEND = YES;
				GCC_C_LANGUAGE_STANDARD = gnu99;
				GCC_NO_COMMON_BLOCKS = YES;
				GCC_WARN_64_TO_32_BIT_CONVERSION = YES;
				GCC_WARN_ABOUT_RETURN_TYPE = YES_ERROR;
				GCC_WARN_UNDECLARED_SELECTOR = YES;
				GCC_WARN_UNINITIALIZED_AUTOS = YES_AGGRESSIVE;
				GCC_WARN_UNUSED_FUNCTION = YES;
				GCC_WARN_UNUSED_VARIABLE = YES;
				IPHONEOS_DEPLOYMENT_TARGET = 7.0;
				MTL_ENABLE_DEBUG_INFO = NO;
				SDKROOT = iphoneos;
				TARGETED_DEVICE_FAMILY = "1,2";
				VALIDATE_PRODUCT = YES;
				VERSIONING_SYSTEM = "apple-generic";
				VERSION_INFO_PREFIX = "";
			};
			name = Release;
		};
		3AEB8D161C7EC17C0042944E /* Debug */ = {
			isa = XCBuildConfiguration;
			buildSettings = {
				DEFINES_MODULE = YES;
				DYLIB_COMPATIBILITY_VERSION = 1;
				DYLIB_CURRENT_VERSION = 1;
				DYLIB_INSTALL_NAME_BASE = "@rpath";
				INFOPLIST_FILE = GCHTTPServer/Info.plist;
				INSTALL_PATH = "$(LOCAL_LIBRARY_DIR)/Frameworks";
				LD_RUNPATH_SEARCH_PATHS = "$(inherited) @executable_path/Frameworks @loader_path/Frameworks";
				PRODUCT_BUNDLE_IDENTIFIER = com.ghostcode.GCHTTPServer;
				PRODUCT_NAME = "$(TARGET_NAME)";
				SKIP_INSTALL = YES;
			};
			name = Debug;
		};
		3AEB8D171C7EC17C0042944E /* Release */ = {
			isa = XCBuildConfiguration;
			buildSettings = {
				DEFINES_MODULE = YES;
				DYLIB_COMPATIBILITY_VERSION = 1;
				DYLIB_CURRENT_VERSION = 1;
				DYLIB_INSTALL_NAME_BASE = "@rpath";
				INFOPLIST_FILE = GCHTTPServer/Info.plist;
				INSTALL_PATH = "$(LOCAL_LIBRARY_DIR)/Frameworks";
				LD_RUNPATH_SEARCH_PATHS = "$(inherited) @executable_path/Frameworks @loader_path/Frameworks";
				PRODUCT_BUNDLE_IDENTIFIER = com.ghostcode.GCHTTPServer;
				PRODUCT_NAME = "$(TARGET_NAME)";
				SKIP_INSTALL = YES;
			};
			name = Release;
		};
		A9D493B81DCB6EC9007EE79C /* Debug */ = {
			isa = XCBuildConfiguration;
			buildSettings = {
				CLANG_ANALYZER_NONNULL = YES;
				CLANG_WARN_DOCUMENTATION_COMMENTS = YES;
				CLANG_WARN_INFINITE_RECURSION = YES;
				CLANG_WARN_SUSPICIOUS_MOVES = YES;
				CODE_SIGN_IDENTITY = "-";
				COMBINE_HIDPI_IMAGES = YES;
				DEFINES_MODULE = YES;
				DYLIB_COMPATIBILITY_VERSION = 1;
				DYLIB_CURRENT_VERSION = 1;
				DYLIB_INSTALL_NAME_BASE = "@rpath";
				FRAMEWORK_VERSION = A;
				INFOPLIST_FILE = COAsyncSocket/Info.plist;
				INSTALL_PATH = "$(LOCAL_LIBRARY_DIR)/Frameworks";
				LD_RUNPATH_SEARCH_PATHS = "$(inherited) @executable_path/../Frameworks @loader_path/Frameworks";
				MACOSX_DEPLOYMENT_TARGET = 10.11;
				PRODUCT_BUNDLE_IDENTIFIER = com.maintoco.COAsyncSocket;
				PRODUCT_NAME = "$(TARGET_NAME)";
				SDKROOT = macosx;
				SKIP_INSTALL = YES;
			};
			name = Debug;
		};
		A9D493B91DCB6EC9007EE79C /* Release */ = {
			isa = XCBuildConfiguration;
			buildSettings = {
				CLANG_ANALYZER_NONNULL = YES;
				CLANG_WARN_DOCUMENTATION_COMMENTS = YES;
				CLANG_WARN_INFINITE_RECURSION = YES;
				CLANG_WARN_SUSPICIOUS_MOVES = YES;
				CODE_SIGN_IDENTITY = "-";
				COMBINE_HIDPI_IMAGES = YES;
				DEFINES_MODULE = YES;
				DYLIB_COMPATIBILITY_VERSION = 1;
				DYLIB_CURRENT_VERSION = 1;
				DYLIB_INSTALL_NAME_BASE = "@rpath";
				FRAMEWORK_VERSION = A;
				INFOPLIST_FILE = COAsyncSocket/Info.plist;
				INSTALL_PATH = "$(LOCAL_LIBRARY_DIR)/Frameworks";
				LD_RUNPATH_SEARCH_PATHS = "$(inherited) @executable_path/../Frameworks @loader_path/Frameworks";
				MACOSX_DEPLOYMENT_TARGET = 10.11;
				PRODUCT_BUNDLE_IDENTIFIER = com.maintoco.COAsyncSocket;
				PRODUCT_NAME = "$(TARGET_NAME)";
				SDKROOT = macosx;
				SKIP_INSTALL = YES;
			};
			name = Release;
		};
/* End XCBuildConfiguration section */

/* Begin XCConfigurationList section */
		3AEB8D071C7EC17C0042944E /* Build configuration list for PBXProject "GCHTTPServer" */ = {
			isa = XCConfigurationList;
			buildConfigurations = (
				3AEB8D131C7EC17C0042944E /* Debug */,
				3AEB8D141C7EC17C0042944E /* Release */,
			);
			defaultConfigurationIsVisible = 0;
			defaultConfigurationName = Release;
		};
		3AEB8D151C7EC17C0042944E /* Build configuration list for PBXNativeTarget "GCHTTPServer" */ = {
			isa = XCConfigurationList;
			buildConfigurations = (
				3AEB8D161C7EC17C0042944E /* Debug */,
				3AEB8D171C7EC17C0042944E /* Release */,
			);
			defaultConfigurationIsVisible = 0;
			defaultConfigurationName = Release;
		};
		A9D493BA1DCB6EC9007EE79C /* Build configuration list for PBXNativeTarget "COAsyncSocket" */ = {
			isa = XCConfigurationList;
			buildConfigurations = (
				A9D493B81DCB6EC9007EE79C /* Debug */,
				A9D493B91DCB6EC9007EE79C /* Release */,
			);
			defaultConfigurationIsVisible = 0;
			defaultConfigurationName = Release;
		};
/* End XCConfigurationList section */
	};
	rootObject = 3AEB8D041C7EC17C0042944E /* Project object */;
}
